# requirements.lock
# Generated by: bazel run //:lock
# Interpreter: 3.11.10 @ /private/var/tmp/_bazel_kjdrew/16da6981d3267507418e8ddc44eb0242/execroot/_main/bazel-out/darwin_arm64-fastbuild/bin/tools/python/lock.runfiles/rules_python++python2+python_3_11_aarch64-apple-darwin/bin/python3
# To update: edit requirements.in then run the command above.

aiohappyeyeballs==2.6.1
aiohttp==3.12.15
aiosignal==1.4.0
asttokens==3.0.0
attrs==25.3.0
decorator==5.2.1
discord.py==2.6.3
executing==2.2.1
frozenlist==1.7.0
idna==3.10
ipython==9.5.0
ipython_pygments_lexers==1.1.1
jedi==0.19.2
matplotlib-inline==0.1.7
multidict==6.6.4
parso==0.8.5
pexpect==4.9.0
prompt_toolkit==3.0.52
propcache==0.3.2
ptyprocess==0.7.0
pure_eval==0.2.3
Pygments==2.19.2
stack-data==0.6.3
traitlets==5.14.3
typing_extensions==4.15.0
wcwidth==0.2.13
yarl==1.20.1
